
Microsoft Visual Studio Solution File, Format Version 12.00
# Visual Studio Version 17
VisualStudioVersion = 17.14.36717.8 d17.14
MinimumVisualStudioVersion = 10.0.40219.1
Project("{FAE04EC0-301F-11D3-BF4B-00C04F79EFBC}") = "StandUpReminder", "StandUpReminder.csproj", "{005F33A8-1FD3-4C4B-9813-217FDA103FC4}"
EndProject
Global
	GlobalSection(SolutionConfigurationPlatforms) = preSolution
		Debug|Any CPU = Debug|Any CPU
		Release|Any CPU = Release|Any CPU
	EndGlobalSection
	GlobalSection(ProjectConfigurationPlatforms) = postSolution
		{005F33A8-1FD3-4C4B-9813-217FDA103FC4}.Debug|Any CPU.ActiveCfg = Debug|Any CPU
		{005F33A8-1FD3-4C4B-9813-217FDA103FC4}.Debug|Any CPU.Build.0 = Debug|Any CPU
		{005F33A8-1FD3-4C4B-9813-217FDA103FC4}.Release|Any CPU.ActiveCfg = Release|Any CPU
		{005F33A8-1FD3-4C4B-9813-217FDA103FC4}.Release|Any CPU.Build.0 = Release|Any CPU
	EndGlobalSection
	GlobalSection(SolutionProperties) = preSolution
		HideSolutionNode = FALSE
	EndGlobalSection
	GlobalSection(ExtensibilityGlobals) = postSolution
		SolutionGuid = {23F2DC57-3761-4552-809F-206A5EE1160B}
	EndGlobalSection
EndGlobal
